{
  "version": "5",
  "specifiers": {
    "npm:@aws-sdk/client-s3@3.637.0": "3.637.0",
    "npm:@aws-sdk/s3-request-presigner@3.637.0": "3.637.0",
    "npm:@supabase/supabase-js@2": "2.103.3",
    "npm:@supabase/supabase-js@2.103.3": "2.103.3"
  },
  "npm": {
    "@aws-crypto/crc32@5.2.0": {
      "integrity": "sha512-nLbCWqQNgUiwwtFsen1AdzAtvuLRsQS8rYgMuxCrdKf9kOssamGLuPwyTY9wyYblNr9+1XM8v6zoDTPPSIeANg==",
      "dependencies": [
        "@aws-crypto/util",
        "@aws-sdk/types",
        "tslib"
      ]
    },
    "@aws-crypto/crc32c@5.2.0": {
      "integrity": "sha512-+iWb8qaHLYKrNvGRbiYRHSdKRWhto5XlZUEBwDjYNf+ly5SVYG6zEoYIdxvf5R3zyeP16w4PLBn3rH1xc74Rag==",
      "dependencies": [
        "@aws-crypto/util",
        "@aws-sdk/types",
        "tslib"
      ]
    },
    "@aws-crypto/sha1-browser@5.2.0": {
      "integrity": "sha512-OH6lveCFfcDjX4dbAvCFSYUjJZjDr/3XJ3xHtjn3Oj5b9RjojQo8npoLeA/bNwkOkrSQ0wgrHzXk4tDRxGKJeg==",
      "dependencies": [
        "@aws-crypto/supports-web-crypto",
        "@aws-crypto/util",
        "@aws-sdk/types",
        "@aws-sdk/util-locate-window",
        "@smithy/util-utf8@2.3.0",
        "tslib"
      ]
    },
    "@aws-crypto/sha256-browser@5.2.0": {
      "integrity": "sha512-AXfN/lGotSQwu6HNcEsIASo7kWXZ5HYWvfOmSNKDsEqC4OashTp8alTmaz+F7TC2L083SFv5RdB+qU3Vs1kZqw==",
      "dependencies": [
        "@aws-crypto/sha256-js",
        "@aws-crypto/supports-web-crypto",
        "@aws-crypto/util",
        "@aws-sdk/types",
        "@aws-sdk/util-locate-window",
        "@smithy/util-utf8@2.3.0",
        "tslib"
      ]
    },
    "@aws-crypto/sha256-js@5.2.0": {
      "integrity": "sha512-FFQQyu7edu4ufvIZ+OadFpHHOt+eSTBaYaki44c+akjg7qZg9oOQeLlk77F6tSYqjDAFClrHJk9tMf0HdVyOvA==",
      "dependencies": [
        "@aws-crypto/util",
        "@aws-sdk/types",
        "tslib"
      ]
    },
    "@aws-crypto/supports-web-crypto@5.2.0": {
      "integrity": "sha512-iAvUotm021kM33eCdNfwIN//F77/IADDSs58i+MDaOqFrVjZo9bAal0NK7HurRuWLLpF1iLX7gbWrjHjeo+YFg==",
      "dependencies": [
        "tslib"
      ]
    },
    "@aws-crypto/util@5.2.0": {
      "integrity": "sha512-4RkU9EsI6ZpBve5fseQlGNUWKMa1RLPQ1dnjnQoe07ldfIzcsGb5hC5W0Dm7u423KWzawlrpbjXBrXCEv9zazQ==",
      "dependencies": [
        "@aws-sdk/types",
        "@smithy/util-utf8@2.3.0",
        "tslib"
      ]
    },
    "@aws-sdk/client-s3@3.637.0": {
      "integrity": "sha512-y6UC94fsMvhKbf0dzfnjVP1HePeGjplfcYfilZU1COIJLyTkMcUv4XcT4I407CGIrvgEafONHkiC09ygqUauNA==",
      "dependencies": [
        "@aws-crypto/sha1-browser",
        "@aws-crypto/sha256-browser",
        "@aws-crypto/sha256-js",
        "@aws-sdk/client-sso-oidc",
        "@aws-sdk/client-sts",
        "@aws-sdk/core",
        "@aws-sdk/credential-provider-node",
        "@aws-sdk/middleware-bucket-endpoint",
        "@aws-sdk/middleware-expect-continue",
        "@aws-sdk/middleware-flexible-checksums",
        "@aws-sdk/middleware-host-header",
        "@aws-sdk/middleware-location-constraint",
        "@aws-sdk/middleware-logger",
        "@aws-sdk/middleware-recursion-detection",
        "@aws-sdk/middleware-sdk-s3",
        "@aws-sdk/middleware-ssec",
        "@aws-sdk/middleware-user-agent",
        "@aws-sdk/region-config-resolver",
        "@aws-sdk/signature-v4-multi-region",
        "@aws-sdk/types",
        "@aws-sdk/util-endpoints",
        "@aws-sdk/util-user-agent-browser",
        "@aws-sdk/util-user-agent-node",
        "@aws-sdk/xml-builder",
        "@smithy/config-resolver",
        "@smithy/core",
        "@smithy/eventstream-serde-browser",
        "@smithy/eventstream-serde-config-resolver",
        "@smithy/eventstream-serde-node",
        "@smithy/fetch-http-handler@3.2.9",
        "@smithy/hash-blob-browser",
        "@smithy/hash-node",
        "@smithy/hash-stream-node",
        "@smithy/invalid-dependency",
        "@smithy/md5-js",
        "@smithy/middleware-content-length",
        "@smithy/middleware-endpoint",
        "@smithy/middleware-retry",
        "@smithy/middleware-serde",
        "@smithy/middleware-stack",
        "@smithy/node-config-provider",
        "@smithy/node-http-handler",
        "@smithy/protocol-http",
        "@smithy/smithy-client",
        "@smithy/types",
        "@smithy/url-parser",
        "@smithy/util-base64",
        "@smithy/util-body-length-browser",
        "@smithy/util-body-length-node",
        "@smithy/util-defaults-mode-browser",
        "@smithy/util-defaults-mode-node",
        "@smithy/util-endpoints",
        "@smithy/util-middleware",
        "@smithy/util-retry",
        "@smithy/util-stream",
        "@smithy/util-utf8@3.0.0",
        "@smithy/util-waiter",
        "tslib"
      ]
    },
    "@aws-sdk/client-sso-oidc@3.637.0_@aws-sdk+client-sts@3.637.0": {
      "integrity": "sha512-27bHALN6Qb6m6KZmPvRieJ/QRlj1lyac/GT2Rn5kJpre8Mpp+yxrtvp3h9PjNBty4lCeFEENfY4dGNSozBuBcw==",
      "dependencies": [
        "@aws-crypto/sha256-browser",
        "@aws-crypto/sha256-js",
        "@aws-sdk/client-sts",
        "@aws-sdk/core",
        "@aws-sdk/credential-provider-node",
        "@aws-sdk/middleware-host-header",
        "@aws-sdk/middleware-logger",
        "@aws-sdk/middleware-recursion-detection",
        "@aws-sdk/middleware-user-agent",
        "@aws-sdk/region-config-resolver",
        "@aws-sdk/types",
        "@aws-sdk/util-endpoints",
        "@aws-sdk/util-user-agent-browser",
        "@aws-sdk/util-user-agent-node",
        "@smithy/config-resolver",
        "@smithy/core",
        "@smithy/fetch-http-handler@3.2.9",
        "@smithy/hash-node",
        "@smithy/invalid-dependency",
        "@smithy/middleware-content-length",
        "@smithy/middleware-endpoint",
        "@smithy/middleware-retry",
        "@smithy/middleware-serde",
        "@smithy/middleware-stack",
        "@smithy/node-config-provider",
        "@smithy/node-http-handler",
        "@smithy/protocol-http",
        "@smithy/smithy-client",
        "@smithy/types",
        "@smithy/url-parser",
        "@smithy/util-base64",
        "@smithy/util-body-length-browser",
        "@smithy/util-body-length-node",
        "@smithy/util-defaults-mode-browser",
        "@smithy/util-defaults-mode-node",
        "@smithy/util-endpoints",
        "@smithy/util-middleware",
        "@smithy/util-retry",
        "@smithy/util-utf8@3.0.0",
        "tslib"
      ]
    },
    "@aws-sdk/client-sso@3.637.0": {
      "integrity": "sha512-+KjLvgX5yJYROWo3TQuwBJlHCY0zz9PsLuEolmXQn0BVK1L/m9GteZHtd+rEdAoDGBpE0Xqjy1oz5+SmtsaRUw==",
      "dependencies": [
        "@aws-crypto/sha256-browser",
        "@aws-crypto/sha256-js",
        "@aws-sdk/core",
        "@aws-sdk/middleware-host-header",
        "@aws-sdk/middleware-logger",
        "@aws-sdk/middleware-recursion-detection",
        "@aws-sdk/middleware-user-agent",
        "@aws-sdk/region-config-resolver",
        "@aws-sdk/types",
        "@aws-sdk/util-endpoints",
        "@aws-sdk/util-user-agent-browser",
        "@aws-sdk/util-user-agent-node",
        "@smithy/config-resolver",
        "@smithy/core",
        "@smithy/fetch-http-handler@3.2.9",
        "@smithy/hash-node",
        "@smithy/invalid-dependency",
        "@smithy/middleware-content-length",
        "@smithy/middleware-endpoint",
        "@smithy/middleware-retry",
        "@smithy/middleware-serde",
        "@smithy/middleware-stack",
        "@smithy/node-config-provider",
        "@smithy/node-http-handler",
        "@smithy/protocol-http",
        "@smithy/smithy-client",
        "@smithy/types",
        "@smithy/url-parser",
        "@smithy/util-base64",
        "@smithy/util-body-length-browser",
        "@smithy/util-body-length-node",
        "@smithy/util-defaults-mode-browser",
        "@smithy/util-defaults-mode-node",
        "@smithy/util-endpoints",
        "@smithy/util-middleware",
        "@smithy/util-retry",
        "@smithy/util-utf8@3.0.0",
        "tslib"
      ]
    },
    "@aws-sdk/client-sts@3.637.0": {
      "integrity": "sha512-xUi7x4qDubtA8QREtlblPuAcn91GS/09YVEY/RwU7xCY0aqGuFwgszAANlha4OUIqva8oVj2WO4gJuG+iaSnhw==",
      "dependencies": [
        "@aws-crypto/sha256-browser",
        "@aws-crypto/sha256-js",
        "@aws-sdk/client-sso-oidc",
        "@aws-sdk/core",
        "@aws-sdk/credential-provider-node",
        "@aws-sdk/middleware-host-header",
        "@aws-sdk/middleware-logger",
        "@aws-sdk/middleware-recursion-detection",
        "@aws-sdk/middleware-user-agent",
        "@aws-sdk/region-config-resolver",
        "@aws-sdk/types",
        "@aws-sdk/util-endpoints",
        "@aws-sdk/util-user-agent-browser",
        "@aws-sdk/util-user-agent-node",
        "@smithy/config-resolver",
        "@smithy/core",
        "@smithy/fetch-http-handler@3.2.9",
        "@smithy/hash-node",
        "@smithy/invalid-dependency",
        "@smithy/middleware-content-length",
        "@smithy/middleware-endpoint",
        "@smithy/middleware-retry",
        "@smithy/middleware-serde",
        "@smithy/middleware-stack",
        "@smithy/node-config-provider",
        "@smithy/node-http-handler",
        "@smithy/protocol-http",
        "@smithy/smithy-client",
        "@smithy/types",
        "@smithy/url-parser",
        "@smithy/util-base64",
        "@smithy/util-body-length-browser",
        "@smithy/util-body-length-node",
        "@smithy/util-defaults-mode-browser",
        "@smithy/util-defaults-mode-node",
        "@smithy/util-endpoints",
        "@smithy/util-middleware",
        "@smithy/util-retry",
        "@smithy/util-utf8@3.0.0",
        "tslib"
      ]
    },
    "@aws-sdk/core@3.635.0": {
      "integrity": "sha512-i1x/E/sgA+liUE1XJ7rj1dhyXpAKO1UKFUcTTHXok2ARjWTvszHnSXMOsB77aPbmn0fUp1JTx2kHUAZ1LVt5Bg==",
      "dependencies": [
        "@smithy/core",
        "@smithy/node-config-provider",
        "@smithy/property-provider",
        "@smithy/protocol-http",
        "@smithy/signature-v4",
        "@smithy/smithy-client",
        "@smithy/types",
        "@smithy/util-middleware",
        "fast-xml-parser",
        "tslib"
      ]
    },
    "@aws-sdk/credential-provider-env@3.620.1": {
      "integrity": "sha512-ExuILJ2qLW5ZO+rgkNRj0xiAipKT16Rk77buvPP8csR7kkCflT/gXTyzRe/uzIiETTxM7tr8xuO9MP/DQXqkfg==",
      "dependencies": [
        "@aws-sdk/types",
        "@smithy/property-provider",
        "@smithy/types",
        "tslib"
      ]
    },
    "@aws-sdk/credential-provider-http@3.635.0": {
      "integrity": "sha512-iJyRgEjOCQlBMXqtwPLIKYc7Bsc6nqjrZybdMDenPDa+kmLg7xh8LxHsu9088e+2/wtLicE34FsJJIfzu3L82g==",
      "dependencies": [
        "@aws-sdk/types",
        "@smithy/fetch-http-handler@3.2.9",
        "@smithy/node-http-handler",
        "@smithy/property-provider",
        "@smithy/protocol-http",
        "@smithy/smithy-client",
        "@smithy/types",
        "@smithy/util-stream",
        "tslib"
      ]
    },
    "@aws-sdk/credential-provider-ini@3.637.0_@aws-sdk+client-sts@3.637.0_@aws-sdk+client-sso-oidc@3.637.0__@aws-sdk+client-sts@3.637.0": {
      "integrity": "sha512-h+PFCWfZ0Q3Dx84SppET/TFpcQHmxFW8/oV9ArEvMilw4EBN+IlxgbL0CnHwjHW64szcmrM0mbebjEfHf4FXmw==",
      "dependencies": [
        "@aws-sdk/client-sts",
        "@aws-sdk/credential-provider-env",
        "@aws-sdk/credential-provider-http",
        "@aws-sdk/credential-provider-process",
        "@aws-sdk/credential-provider-sso",
        "@aws-sdk/credential-provider-web-identity",
        "@aws-sdk/types",
        "@smithy/credential-provider-imds",
        "@smithy/property-provider",
        "@smithy/shared-ini-file-loader",
        "@smithy/types",
        "tslib"
      ]
    },
    "@aws-sdk/credential-provider-node@3.637.0_@aws-sdk+client-sso-oidc@3.637.0__@aws-sdk+client-sts@3.637.0_@aws-sdk+client-sts@3.637.0": {
      "integrity": "sha512-yoEhoxJJfs7sPVQ6Is939BDQJZpZCoUgKr/ySse4YKOZ24t4VqgHA6+wV7rYh+7IW24Rd91UTvEzSuHYTlxlNA==",
      "dependencies": [
        "@aws-sdk/credential-provider-env",
        "@aws-sdk/credential-provider-http",
        "@aws-sdk/credential-provider-ini",
        "@aws-sdk/credential-provider-process",
        "@aws-sdk/credential-provider-sso",
        "@aws-sdk/credential-provider-web-identity",
        "@aws-sdk/types",
        "@smithy/credential-provider-imds",
        "@smithy/property-provider",
        "@smithy/shared-ini-file-loader",
        "@smithy/types",
        "tslib"
      ]
    },
    "@aws-sdk/credential-provider-process@3.620.1": {
      "integrity": "sha512-hWqFMidqLAkaV9G460+1at6qa9vySbjQKKc04p59OT7lZ5cO5VH5S4aI05e+m4j364MBROjjk2ugNvfNf/8ILg==",
      "dependencies": [
        "@aws-sdk/types",
        "@smithy/property-provider",
        "@smithy/shared-ini-file-loader",
        "@smithy/types",
        "tslib"
      ]
    },
    "@aws-sdk/credential-provider-sso@3.637.0_@aws-sdk+client-sso-oidc@3.637.0__@aws-sdk+client-sts@3.637.0_@aws-sdk+client-sts@3.637.0": {
      "integrity": "sha512-Mvz+h+e62/tl+dVikLafhv+qkZJ9RUb8l2YN/LeKMWkxQylPT83CPk9aimVhCV89zth1zpREArl97+3xsfgQvA==",
      "dependencies": [
        "@aws-sdk/client-sso",
        "@aws-sdk/token-providers",
        "@aws-sdk/types",
        "@smithy/property-provider",
        "@smithy/shared-ini-file-loader",
        "@smithy/types",
        "tslib"
      ]
    },
    "@aws-sdk/credential-provider-web-identity@3.621.0_@aws-sdk+client-sts@3.637.0": {
      "integrity": "sha512-w7ASSyfNvcx7+bYGep3VBgC3K6vEdLmlpjT7nSIHxxQf+WSdvy+HynwJosrpZax0sK5q0D1Jpn/5q+r5lwwW6w==",
      "dependencies": [
        "@aws-sdk/client-sts",
        "@aws-sdk/types",
        "@smithy/property-provider",
        "@smithy/types",
        "tslib"
      ]
    },
    "@aws-sdk/middleware-bucket-endpoint@3.620.0": {
      "integrity": "sha512-eGLL0W6L3HDb3OACyetZYOWpHJ+gLo0TehQKeQyy2G8vTYXqNTeqYhuI6up9HVjBzU9eQiULVQETmgQs7TFaRg==",
      "dependencies": [
        "@aws-sdk/types",
        "@aws-sdk/util-arn-parser",
        "@smithy/node-config-provider",
        "@smithy/protocol-http",
        "@smithy/types",
        "@smithy/util-config-provider",
        "tslib"
      ]
    },
    "@aws-sdk/middleware-expect-continue@3.620.0": {
      "integrity": "sha512-QXeRFMLfyQ31nAHLbiTLtk0oHzG9QLMaof5jIfqcUwnOkO8YnQdeqzakrg1Alpy/VQ7aqzIi8qypkBe2KXZz0A==",
      "dependencies": [
        "@aws-sdk/types",
        "@smithy/protocol-http",
        "@smithy/types",
        "tslib"
      ]
    },
    "@aws-sdk/middleware-flexible-checksums@3.620.0": {
      "integrity": "sha512-ftz+NW7qka2sVuwnnO1IzBku5ccP+s5qZGeRTPgrKB7OzRW85gthvIo1vQR2w+OwHFk7WJbbhhWwbCbktnP4UA==",
      "dependencies": [
        "@aws-crypto/crc32",
        "@aws-crypto/crc32c",
        "@aws-sdk/types",
        "@smithy/is-array-buffer@3.0.0",
        "@smithy/protocol-http",
        "@smithy/types",
        "@smithy/util-utf8@3.0.0",
        "tslib"
      ]
    },
    "@aws-sdk/middleware-host-header@3.620.0": {
      "integrity": "sha512-VMtPEZwqYrII/oUkffYsNWY9PZ9xpNJpMgmyU0rlDQ25O1c0Hk3fJmZRe6pEkAJ0omD7kLrqGl1DUjQVxpd/Rg==",
      "dependencies": [
        "@aws-sdk/types",
        "@smithy/protocol-http",
        "@smithy/types",
        "tslib"
      ]
    },
    "@aws-sdk/middleware-location-constraint@3.609.0": {
      "integrity": "sha512-xzsdoTkszGVqGVPjUmgoP7TORiByLueMHieI1fhQL888WPdqctwAx3ES6d/bA9Q/i8jnc6hs+Fjhy8UvBTkE9A==",
      "dependencies": [
        "@aws-sdk/types",
        "@smithy/types",
        "tslib"
      ]
    },
    "@aws-sdk/middleware-logger@3.609.0": {
      "integrity": "sha512-S62U2dy4jMDhDFDK5gZ4VxFdWzCtLzwbYyFZx2uvPYTECkepLUfzLic2BHg2Qvtu4QjX+oGE3P/7fwaGIsGNuQ==",
      "dependencies": [
        "@aws-sdk/types",
        "@smithy/types",
        "tslib"
      ]
    },
    "@aws-sdk/middleware-recursion-detection@3.620.0": {
      "integrity": "sha512-nh91S7aGK3e/o1ck64sA/CyoFw+gAYj2BDOnoNa6ouyCrVJED96ZXWbhye/fz9SgmNUZR2g7GdVpiLpMKZoI5w==",
      "dependencies": [
        "@aws-sdk/types",
        "@smithy/protocol-http",
        "@smithy/types",
        "tslib"
      ]
    },
    "@aws-sdk/middleware-sdk-s3@3.635.0": {
      "integrity": "sha512-RLdYJPEV4JL/7NBoFUs7VlP90X++5FlJdxHz0DzCjmiD3qCviKy+Cym3qg1gBgHwucs5XisuClxDrGokhAdTQw==",
      "dependencies": [
        "@aws-sdk/core",
        "@aws-sdk/types",
        "@aws-sdk/util-arn-parser",
        "@smithy/core",
        "@smithy/node-config-provider",
        "@smithy/protocol-http",
        "@smithy/signature-v4",
        "@smithy/smithy-client",
        "@smithy/types",
        "@smithy/util-config-provider",
        "@smithy/util-middleware",
        "@smithy/util-stream",
        "@smithy/util-utf8@3.0.0",
        "tslib"
      ]
    },
    "@aws-sdk/middleware-ssec@3.609.0": {
      "integrity": "sha512-GZSD1s7+JswWOTamVap79QiDaIV7byJFssBW68GYjyRS5EBjNfwA/8s+6uE6g39R3ojyTbYOmvcANoZEhSULXg==",
      "dependencies": [
        "@aws-sdk/types",
        "@smithy/types",
        "tslib"
      ]
    },
    "@aws-sdk/middleware-user-agent@3.637.0": {
      "integrity": "sha512-EYo0NE9/da/OY8STDsK2LvM4kNa79DBsf4YVtaG4P5pZ615IeFsD8xOHZeuJmUrSMlVQ8ywPRX7WMucUybsKug==",
      "dependencies": [
        "@aws-sdk/types",
        "@aws-sdk/util-endpoints",
        "@smithy/protocol-http",
        "@smithy/types",
        "tslib"
      ]
    },
    "@aws-sdk/region-config-resolver@3.614.0": {
      "integrity": "sha512-vDCeMXvic/LU0KFIUjpC3RiSTIkkvESsEfbVHiHH0YINfl8HnEqR5rj+L8+phsCeVg2+LmYwYxd5NRz4PHxt5g==",
      "dependencies": [
        "@aws-sdk/types",
        "@smithy/node-config-provider",
        "@smithy/types",
        "@smithy/util-config-provider",
        "@smithy/util-middleware",
        "tslib"
      ]
    },
    "@aws-sdk/s3-request-presigner@3.637.0": {
      "integrity": "sha512-URRiEDZEICyfAXmXcXREQCsvZrapITAymvg46p1Xjnuv7PTnUB0SF18B2omPL0E5d/X+T3O9NKdtot+BqJbIWw==",
      "dependencies": [
        "@aws-sdk/signature-v4-multi-region",
        "@aws-sdk/types",
        "@aws-sdk/util-format-url",
        "@smithy/middleware-endpoint",
        "@smithy/protocol-http",
        "@smithy/smithy-client",
        "@smithy/types",
        "tslib"
      ]
    },
    "@aws-sdk/signature-v4-multi-region@3.635.0": {
      "integrity": "sha512-J6QY4/invOkpogCHjSaDON1hF03viPpOnsrzVuCvJMmclS/iG62R4EY0wq1alYll0YmSdmKlpJwHMWwGtqK63Q==",
      "dependencies": [
        "@aws-sdk/middleware-sdk-s3",
        "@aws-sdk/types",
        "@smithy/protocol-http",
        "@smithy/signature-v4",
        "@smithy/types",
        "tslib"
      ]
    },
    "@aws-sdk/token-providers@3.614.0_@aws-sdk+client-sso-oidc@3.637.0__@aws-sdk+client-sts@3.637.0_@aws-sdk+client-sts@3.637.0": {
      "integrity": "sha512-okItqyY6L9IHdxqs+Z116y5/nda7rHxLvROxtAJdLavWTYDydxrZstImNgGWTeVdmc0xX2gJCI77UYUTQWnhRw==",
      "dependencies": [
        "@aws-sdk/client-sso-oidc",
        "@aws-sdk/types",
        "@smithy/property-provider",
        "@smithy/shared-ini-file-loader",
        "@smithy/types",
        "tslib"
      ]
    },
    "@aws-sdk/types@3.609.0": {
      "integrity": "sha512-+Tqnh9w0h2LcrUsdXyT1F8mNhXz+tVYBtP19LpeEGntmvHwa2XzvLUCWpoIAIVsHp5+HdB2X9Sn0KAtmbFXc2Q==",
      "dependencies": [
        "@smithy/types",
        "tslib"
      ]
    },
    "@aws-sdk/util-arn-parser@3.568.0": {
      "integrity": "sha512-XUKJWWo+KOB7fbnPP0+g/o5Ulku/X53t7i/h+sPHr5xxYTJJ9CYnbToo95mzxe7xWvkLrsNtJ8L+MnNn9INs2w==",
      "dependencies": [
        "tslib"
      ]
    },
    "@aws-sdk/util-endpoints@3.637.0": {
      "integrity": "sha512-pAqOKUHeVWHEXXDIp/qoMk/6jyxIb6GGjnK1/f8dKHtKIEs4tKsnnL563gceEvdad53OPXIt86uoevCcCzmBnw==",
      "dependencies": [
        "@aws-sdk/types",
        "@smithy/types",
        "@smithy/util-endpoints",
        "tslib"
      ]
    },
    "@aws-sdk/util-format-url@3.609.0": {
      "integrity": "sha512-fuk29BI/oLQlJ7pfm6iJ4gkEpHdavffAALZwXh9eaY1vQ0ip0aKfRTiNudPoJjyyahnz5yJ1HkmlcDitlzsOrQ==",
      "dependencies": [
        "@aws-sdk/types",
        "@smithy/querystring-builder",
        "@smithy/types",
        "tslib"
      ]
    },
    "@aws-sdk/util-locate-window@3.965.5": {
      "integrity": "sha512-WhlJNNINQB+9qtLtZJcpQdgZw3SCDCpXdUJP7cToGwHbCWCnRckGlc6Bx/OhWwIYFNAn+FIydY8SZ0QmVu3xTQ==",
      "dependencies": [
        "tslib"
      ]
    },
    "@aws-sdk/util-user-agent-browser@3.609.0": {
      "integrity": "sha512-fojPU+mNahzQ0YHYBsx0ZIhmMA96H+ZIZ665ObU9tl+SGdbLneVZVikGve+NmHTQwHzwkFsZYYnVKAkreJLAtA==",
      "dependencies": [
        "@aws-sdk/types",
        "@smithy/types",
        "bowser",
        "tslib"
      ]
    },
    "@aws-sdk/util-user-agent-node@3.614.0": {
      "integrity": "sha512-15ElZT88peoHnq5TEoEtZwoXTXRxNrk60TZNdpl/TUBJ5oNJ9Dqb5Z4ryb8ofN6nm9aFf59GVAerFDz8iUoHBA==",
      "dependencies": [
        "@aws-sdk/types",
        "@smithy/node-config-provider",
        "@smithy/types",
        "tslib"
      ]
    },
    "@aws-sdk/xml-builder@3.609.0": {
      "integrity": "sha512-l9XxNcA4HX98rwCC2/KoiWcmEiRfZe4G+mYwDbCFT87JIMj6GBhLDkAzr/W8KAaA2IDr8Vc6J8fZPgVulxxfMA==",
      "dependencies": [
        "@smithy/types",
        "tslib"
      ]
    },
    "@smithy/abort-controller@3.1.9": {
      "integrity": "sha512-yiW0WI30zj8ZKoSYNx90no7ugVn3khlyH/z5W8qtKBtVE6awRALbhSG+2SAHA1r6bO/6M9utxYKVZ3PCJ1rWxw==",
      "dependencies": [
        "@smithy/types",
        "tslib"
      ]
    },
    "@smithy/chunked-blob-reader-native@3.0.1": {
      "integrity": "sha512-VEYtPvh5rs/xlyqpm5NRnfYLZn+q0SRPELbvBV+C/G7IQ+ouTuo+NKKa3ShG5OaFR8NYVMXls9hPYLTvIKKDrQ==",
      "dependencies": [
        "@smithy/util-base64",
        "tslib"
      ]
    },
    "@smithy/chunked-blob-reader@4.0.0": {
      "integrity": "sha512-jSqRnZvkT4egkq/7b6/QRCNXmmYVcHwnJldqJ3IhVpQE2atObVJ137xmGeuGFhjFUr8gCEVAOKwSY79OvpbDaQ==",
      "dependencies": [
        "tslib"
      ]
    },
    "@smithy/config-resolver@3.0.13": {
      "integrity": "sha512-Gr/qwzyPaTL1tZcq8WQyHhTZREER5R1Wytmz4WnVGL4onA3dNk6Btll55c8Vr58pLdvWZmtG8oZxJTw3t3q7Jg==",
      "dependencies": [
        "@smithy/node-config-provider",
        "@smithy/types",
        "@smithy/util-config-provider",
        "@smithy/util-middleware",
        "tslib"
      ]
    },
    "@smithy/core@2.5.7": {
      "integrity": "sha512-8olpW6mKCa0v+ibCjoCzgZHQx1SQmZuW/WkrdZo73wiTprTH6qhmskT60QLFdT9DRa5mXxjz89kQPZ7ZSsoqqg==",
      "dependencies": [
        "@smithy/middleware-serde",
        "@smithy/protocol-http",
        "@smithy/types",
        "@smithy/util-body-length-browser",
        "@smithy/util-middleware",
        "@smithy/util-stream",
        "@smithy/util-utf8@3.0.0",
        "tslib"
      ]
    },
    "@smithy/credential-provider-imds@3.2.8": {
      "integrity": "sha512-ZCY2yD0BY+K9iMXkkbnjo+08T2h8/34oHd0Jmh6BZUSZwaaGlGCyBT/3wnS7u7Xl33/EEfN4B6nQr3Gx5bYxgw==",
      "dependencies": [
        "@smithy/node-config-provider",
        "@smithy/property-provider",
        "@smithy/types",
        "@smithy/url-parser",
        "tslib"
      ]
    },
    "@smithy/eventstream-codec@3.1.10": {
      "integrity": "sha512-323B8YckSbUH0nMIpXn7HZsAVKHYHFUODa8gG9cHo0ySvA1fr5iWaNT+iIL0UCqUzG6QPHA3BSsBtRQou4mMqQ==",
      "dependencies": [
        "@aws-crypto/crc32",
        "@smithy/types",
        "@smithy/util-hex-encoding",
        "tslib"
      ]
    },
    "@smithy/eventstream-serde-browser@3.0.14": {
      "integrity": "sha512-kbrt0vjOIihW3V7Cqj1SXQvAI5BR8SnyQYsandva0AOR307cXAc+IhPngxIPslxTLfxwDpNu0HzCAq6g42kCPg==",
      "dependencies": [
        "@smithy/eventstream-serde-universal",
        "@smithy/types",
        "tslib"
      ]
    },
    "@smithy/eventstream-serde-config-resolver@3.0.11": {
      "integrity": "sha512-P2pnEp4n75O+QHjyO7cbw/vsw5l93K/8EWyjNCAAybYwUmj3M+hjSQZ9P5TVdUgEG08ueMAP5R4FkuSkElZ5tQ==",
      "dependencies": [
        "@smithy/types",
        "tslib"
      ]
    },
    "@smithy/eventstream-serde-node@3.0.13": {
      "integrity": "sha512-zqy/9iwbj8Wysmvi7Lq7XFLeDgjRpTbCfwBhJa8WbrylTAHiAu6oQTwdY7iu2lxigbc9YYr9vPv5SzYny5tCXQ==",
      "dependencies": [
        "@smithy/eventstream-serde-universal",
        "@smithy/types",
        "tslib"
      ]
    },
    "@smithy/eventstream-serde-universal@3.0.13": {
      "integrity": "sha512-L1Ib66+gg9uTnqp/18Gz4MDpJPKRE44geOjOQ2SVc0eiaO5l255ADziATZgjQjqumC7yPtp1XnjHlF1srcwjKw==",
      "dependencies": [
        "@smithy/eventstream-codec",
        "@smithy/types",
        "tslib"
      ]
    },
    "@smithy/fetch-http-handler@3.2.9": {
      "integrity": "sha512-hYNVQOqhFQ6vOpenifFME546f0GfJn2OiQ3M0FDmuUu8V/Uiwy2wej7ZXxFBNqdx0R5DZAqWM1l6VRhGz8oE6A==",
      "dependencies": [
        "@smithy/protocol-http",
        "@smithy/querystring-builder",
        "@smithy/types",
        "@smithy/util-base64",
        "tslib"
      ]
    },
    "@smithy/fetch-http-handler@4.1.3": {
      "integrity": "sha512-6SxNltSncI8s689nvnzZQc/dPXcpHQ34KUj6gR/HBroytKOd/isMG3gJF/zBE1TBmTT18TXyzhg3O3SOOqGEhA==",
      "dependencies": [
        "@smithy/protocol-http",
        "@smithy/querystring-builder",
        "@smithy/types",
        "@smithy/util-base64",
        "tslib"
      ]
    },
    "@smithy/hash-blob-browser@3.1.10": {
      "integrity": "sha512-elwslXOoNunmfS0fh55jHggyhccobFkexLYC1ZeZ1xP2BTSrcIBaHV2b4xUQOdctrSNOpMqOZH1r2XzWTEhyfA==",
      "dependencies": [
        "@smithy/chunked-blob-reader",
        "@smithy/chunked-blob-reader-native",
        "@smithy/types",
        "tslib"
      ]
    },
    "@smithy/hash-node@3.0.11": {
      "integrity": "sha512-emP23rwYyZhQBvklqTtwetkQlqbNYirDiEEwXl2v0GYWMnCzxst7ZaRAnWuy28njp5kAH54lvkdG37MblZzaHA==",
      "dependencies": [
        "@smithy/types",
        "@smithy/util-buffer-from@3.0.0",
        "@smithy/util-utf8@3.0.0",
        "tslib"
      ]
    },
    "@smithy/hash-stream-node@3.1.10": {
      "integrity": "sha512-olomK/jZQ93OMayW1zfTHwcbwBdhcZOHsyWyiZ9h9IXvc1mCD/VuvzbLb3Gy/qNJwI4MANPLctTp2BucV2oU/Q==",
      "dependencies": [
        "@smithy/types",
        "@smithy/util-utf8@3.0.0",
        "tslib"
      ]
    },
    "@smithy/invalid-dependency@3.0.11": {
      "integrity": "sha512-NuQmVPEJjUX6c+UELyVz8kUx8Q539EDeNwbRyu4IIF8MeV7hUtq1FB3SHVyki2u++5XLMFqngeMKk7ccspnNyQ==",
      "dependencies": [
        "@smithy/types",
        "tslib"
      ]
    },
    "@smithy/is-array-buffer@2.2.0": {
      "integrity": "sha512-GGP3O9QFD24uGeAXYUjwSTXARoqpZykHadOmA8G5vfJPK0/DC67qa//0qvqrJzL1xc8WQWX7/yc7fwudjPHPhA==",
      "dependencies": [
        "tslib"
      ]
    },
    "@smithy/is-array-buffer@3.0.0": {
      "integrity": "sha512-+Fsu6Q6C4RSJiy81Y8eApjEB5gVtM+oFKTffg+jSuwtvomJJrhUJBu2zS8wjXSgH/g1MKEWrzyChTBe6clb5FQ==",
      "dependencies": [
        "tslib"
      ]
    },
    "@smithy/md5-js@3.0.11": {
      "integrity": "sha512-3NM0L3i2Zm4bbgG6Ymi9NBcxXhryi3uE8fIfHJZIOfZVxOkGdjdgjR9A06SFIZCfnEIWKXZdm6Yq5/aPXFFhsQ==",
      "dependencies": [
        "@smithy/types",
        "@smithy/util-utf8@3.0.0",
        "tslib"
      ]
    },
    "@smithy/middleware-content-length@3.0.13": {
      "integrity": "sha512-zfMhzojhFpIX3P5ug7jxTjfUcIPcGjcQYzB9t+rv0g1TX7B0QdwONW+ATouaLoD7h7LOw/ZlXfkq4xJ/g2TrIw==",
      "dependencies": [
        "@smithy/protocol-http",
        "@smithy/types",
        "tslib"
      ]
    },
    "@smithy/middleware-endpoint@3.2.8": {
      "integrity": "sha512-OEJZKVUEhMOqMs3ktrTWp7UvvluMJEvD5XgQwRePSbDg1VvBaL8pX8mwPltFn6wk1GySbcVwwyldL8S+iqnrEQ==",
      "dependencies": [
        "@smithy/core",
        "@smithy/middleware-serde",
        "@smithy/node-config-provider",
        "@smithy/shared-ini-file-loader",
        "@smithy/types",
        "@smithy/url-parser",
        "@smithy/util-middleware",
        "tslib"
      ]
    },
    "@smithy/middleware-retry@3.0.34": {
      "integrity": "sha512-yVRr/AAtPZlUvwEkrq7S3x7Z8/xCd97m2hLDaqdz6ucP2RKHsBjEqaUA2ebNv2SsZoPEi+ZD0dZbOB1u37tGCA==",
      "dependencies": [
        "@smithy/node-config-provider",
        "@smithy/protocol-http",
        "@smithy/service-error-classification",
        "@smithy/smithy-client",
        "@smithy/types",
        "@smithy/util-middleware",
        "@smithy/util-retry",
        "tslib",
        "uuid"
      ]
    },
    "@smithy/middleware-serde@3.0.11": {
      "integrity": "sha512-KzPAeySp/fOoQA82TpnwItvX8BBURecpx6ZMu75EZDkAcnPtO6vf7q4aH5QHs/F1s3/snQaSFbbUMcFFZ086Mw==",
      "dependencies": [
        "@smithy/types",
        "tslib"
      ]
    },
    "@smithy/middleware-stack@3.0.11": {
      "integrity": "sha512-1HGo9a6/ikgOMrTrWL/WiN9N8GSVYpuRQO5kjstAq4CvV59bjqnh7TbdXGQ4vxLD3xlSjfBjq5t1SOELePsLnA==",
      "dependencies": [
        "@smithy/types",
        "tslib"
      ]
    },
    "@smithy/node-config-provider@3.1.12": {
      "integrity": "sha512-O9LVEu5J/u/FuNlZs+L7Ikn3lz7VB9hb0GtPT9MQeiBmtK8RSY3ULmsZgXhe6VAlgTw0YO+paQx4p8xdbs43vQ==",
      "dependencies": [
        "@smithy/property-provider",
        "@smithy/shared-ini-file-loader",
        "@smithy/types",
        "tslib"
      ]
    },
    "@smithy/node-http-handler@3.3.3": {
      "integrity": "sha512-BrpZOaZ4RCbcJ2igiSNG16S+kgAc65l/2hmxWdmhyoGWHTLlzQzr06PXavJp9OBlPEG/sHlqdxjWmjzV66+BSQ==",
      "dependencies": [
        "@smithy/abort-controller",
        "@smithy/protocol-http",
        "@smithy/querystring-builder",
        "@smithy/types",
        "tslib"
      ]
    },
    "@smithy/property-provider@3.1.11": {
      "integrity": "sha512-I/+TMc4XTQ3QAjXfOcUWbSS073oOEAxgx4aZy8jHaf8JQnRkq2SZWw8+PfDtBvLUjcGMdxl+YwtzWe6i5uhL/A==",
      "dependencies": [
        "@smithy/types",
        "tslib"
      ]
    },
    "@smithy/protocol-http@4.1.8": {
      "integrity": "sha512-hmgIAVyxw1LySOwkgMIUN0kjN8TG9Nc85LJeEmEE/cNEe2rkHDUWhnJf2gxcSRFLWsyqWsrZGw40ROjUogg+Iw==",
      "dependencies": [
        "@smithy/types",
        "tslib"
      ]
    },
    "@smithy/querystring-builder@3.0.11": {
      "integrity": "sha512-u+5HV/9uJaeLj5XTb6+IEF/dokWWkEqJ0XiaRRogyREmKGUgZnNecLucADLdauWFKUNbQfulHFEZEdjwEBjXRg==",
      "dependencies": [
        "@smithy/types",
        "@smithy/util-uri-escape",
        "tslib"
      ]
    },
    "@smithy/querystring-parser@3.0.11": {
      "integrity": "sha512-Je3kFvCsFMnso1ilPwA7GtlbPaTixa3WwC+K21kmMZHsBEOZYQaqxcMqeFFoU7/slFjKDIpiiPydvdJm8Q/MCw==",
      "dependencies": [
        "@smithy/types",
        "tslib"
      ]
    },
    "@smithy/service-error-classification@3.0.11": {
      "integrity": "sha512-QnYDPkyewrJzCyaeI2Rmp7pDwbUETe+hU8ADkXmgNusO1bgHBH7ovXJiYmba8t0fNfJx75fE8dlM6SEmZxheog==",
      "dependencies": [
        "@smithy/types"
      ]
    },
    "@smithy/shared-ini-file-loader@3.1.12": {
      "integrity": "sha512-1xKSGI+U9KKdbG2qDvIR9dGrw3CNx+baqJfyr0igKEpjbHL5stsqAesYBzHChYHlelWtb87VnLWlhvfCz13H8Q==",
      "dependencies": [
        "@smithy/types",
        "tslib"
      ]
    },
    "@smithy/signature-v4@4.2.4": {
      "integrity": "sha512-5JWeMQYg81TgU4cG+OexAWdvDTs5JDdbEZx+Qr1iPbvo91QFGzjy0IkXAKaXUHqmKUJgSHK0ZxnCkgZpzkeNTA==",
      "dependencies": [
        "@smithy/is-array-buffer@3.0.0",
        "@smithy/protocol-http",
        "@smithy/types",
        "@smithy/util-hex-encoding",
        "@smithy/util-middleware",
        "@smithy/util-uri-escape",
        "@smithy/util-utf8@3.0.0",
        "tslib"
      ]
    },
    "@smithy/smithy-client@3.7.0": {
      "integrity": "sha512-9wYrjAZFlqWhgVo3C4y/9kpc68jgiSsKUnsFPzr/MSiRL93+QRDafGTfhhKAb2wsr69Ru87WTiqSfQusSmWipA==",
      "dependencies": [
        "@smithy/core",
        "@smithy/middleware-endpoint",
        "@smithy/middleware-stack",
        "@smithy/protocol-http",
        "@smithy/types",
        "@smithy/util-stream",
        "tslib"
      ]
    },
    "@smithy/types@3.7.2": {
      "integrity": "sha512-bNwBYYmN8Eh9RyjS1p2gW6MIhSO2rl7X9QeLM8iTdcGRP+eDiIWDt66c9IysCc22gefKszZv+ubV9qZc7hdESg==",
      "dependencies": [
        "tslib"
      ]
    },
    "@smithy/url-parser@3.0.11": {
      "integrity": "sha512-TmlqXkSk8ZPhfc+SQutjmFr5FjC0av3GZP4B/10caK1SbRwe/v+Wzu/R6xEKxoNqL+8nY18s1byiy6HqPG37Aw==",
      "dependencies": [
        "@smithy/querystring-parser",
        "@smithy/types",
        "tslib"
      ]
    },
    "@smithy/util-base64@3.0.0": {
      "integrity": "sha512-Kxvoh5Qtt0CDsfajiZOCpJxgtPHXOKwmM+Zy4waD43UoEMA+qPxxa98aE/7ZhdnBFZFXMOiBR5xbcaMhLtznQQ==",
      "dependencies": [
        "@smithy/util-buffer-from@3.0.0",
        "@smithy/util-utf8@3.0.0",
        "tslib"
      ]
    },
    "@smithy/util-body-length-browser@3.0.0": {
      "integrity": "sha512-cbjJs2A1mLYmqmyVl80uoLTJhAcfzMOyPgjwAYusWKMdLeNtzmMz9YxNl3/jRLoxSS3wkqkf0jwNdtXWtyEBaQ==",
      "dependencies": [
        "tslib"
      ]
    },
    "@smithy/util-body-length-node@3.0.0": {
      "integrity": "sha512-Tj7pZ4bUloNUP6PzwhN7K386tmSmEET9QtQg0TgdNOnxhZvCssHji+oZTUIuzxECRfG8rdm2PMw2WCFs6eIYkA==",
      "dependencies": [
        "tslib"
      ]
    },
    "@smithy/util-buffer-from@2.2.0": {
      "integrity": "sha512-IJdWBbTcMQ6DA0gdNhh/BwrLkDR+ADW5Kr1aZmd4k3DIF6ezMV4R2NIAmT08wQJ3yUK82thHWmC/TnK/wpMMIA==",
      "dependencies": [
        "@smithy/is-array-buffer@2.2.0",
        "tslib"
      ]
    },
    "@smithy/util-buffer-from@3.0.0": {
      "integrity": "sha512-aEOHCgq5RWFbP+UDPvPot26EJHjOC+bRgse5A8V3FSShqd5E5UN4qc7zkwsvJPPAVsf73QwYcHN1/gt/rtLwQA==",
      "dependencies": [
        "@smithy/is-array-buffer@3.0.0",
        "tslib"
      ]
    },
    "@smithy/util-config-provider@3.0.0": {
      "integrity": "sha512-pbjk4s0fwq3Di/ANL+rCvJMKM5bzAQdE5S/6RL5NXgMExFAi6UgQMPOm5yPaIWPpr+EOXKXRonJ3FoxKf4mCJQ==",
      "dependencies": [
        "tslib"
      ]
    },
    "@smithy/util-defaults-mode-browser@3.0.34": {
      "integrity": "sha512-FumjjF631lR521cX+svMLBj3SwSDh9VdtyynTYDAiBDEf8YPP5xORNXKQ9j0105o5+ARAGnOOP/RqSl40uXddA==",
      "dependencies": [
        "@smithy/property-provider",
        "@smithy/smithy-client",
        "@smithy/types",
        "bowser",
        "tslib"
      ]
    },
    "@smithy/util-defaults-mode-node@3.0.34": {
      "integrity": "sha512-vN6aHfzW9dVVzkI0wcZoUXvfjkl4CSbM9nE//08lmUMyf00S75uuCpTrqF9uD4bD9eldIXlt53colrlwKAT8Gw==",
      "dependencies": [
        "@smithy/config-resolver",
        "@smithy/credential-provider-imds",
        "@smithy/node-config-provider",
        "@smithy/property-provider",
        "@smithy/smithy-client",
        "@smithy/types",
        "tslib"
      ]
    },
    "@smithy/util-endpoints@2.1.7": {
      "integrity": "sha512-tSfcqKcN/Oo2STEYCABVuKgJ76nyyr6skGl9t15hs+YaiU06sgMkN7QYjo0BbVw+KT26zok3IzbdSOksQ4YzVw==",
      "dependencies": [
        "@smithy/node-config-provider",
        "@smithy/types",
        "tslib"
      ]
    },
    "@smithy/util-hex-encoding@3.0.0": {
      "integrity": "sha512-eFndh1WEK5YMUYvy3lPlVmYY/fZcQE1D8oSf41Id2vCeIkKJXPcYDCZD+4+xViI6b1XSd7tE+s5AmXzz5ilabQ==",
      "dependencies": [
        "tslib"
      ]
    },
    "@smithy/util-middleware@3.0.11": {
      "integrity": "sha512-dWpyc1e1R6VoXrwLoLDd57U1z6CwNSdkM69Ie4+6uYh2GC7Vg51Qtan7ITzczuVpqezdDTKJGJB95fFvvjU/ow==",
      "dependencies": [
        "@smithy/types",
        "tslib"
      ]
    },
    "@smithy/util-retry@3.0.11": {
      "integrity": "sha512-hJUC6W7A3DQgaee3Hp9ZFcOxVDZzmBIRBPlUAk8/fSOEl7pE/aX7Dci0JycNOnm9Mfr0KV2XjIlUOcGWXQUdVQ==",
      "dependencies": [
        "@smithy/service-error-classification",
        "@smithy/types",
        "tslib"
      ]
    },
    "@smithy/util-stream@3.3.4": {
      "integrity": "sha512-SGhGBG/KupieJvJSZp/rfHHka8BFgj56eek9px4pp7lZbOF+fRiVr4U7A3y3zJD8uGhxq32C5D96HxsTC9BckQ==",
      "dependencies": [
        "@smithy/fetch-http-handler@4.1.3",
        "@smithy/node-http-handler",
        "@smithy/types",
        "@smithy/util-base64",
        "@smithy/util-buffer-from@3.0.0",
        "@smithy/util-hex-encoding",
        "@smithy/util-utf8@3.0.0",
        "tslib"
      ]
    },
    "@smithy/util-uri-escape@3.0.0": {
      "integrity": "sha512-LqR7qYLgZTD7nWLBecUi4aqolw8Mhza9ArpNEQ881MJJIU2sE5iHCK6TdyqqzcDLy0OPe10IY4T8ctVdtynubg==",
      "dependencies": [
        "tslib"
      ]
    },
    "@smithy/util-utf8@2.3.0": {
      "integrity": "sha512-R8Rdn8Hy72KKcebgLiv8jQcQkXoLMOGGv5uI1/k0l+snqkOzQ1R0ChUBCxWMlBsFMekWjq0wRudIweFs7sKT5A==",
      "dependencies": [
        "@smithy/util-buffer-from@2.2.0",
        "tslib"
      ]
    },
    "@smithy/util-utf8@3.0.0": {
      "integrity": "sha512-rUeT12bxFnplYDe815GXbq/oixEGHfRFFtcTF3YdDi/JaENIM6aSYYLJydG83UNzLXeRI5K8abYd/8Sp/QM0kA==",
      "dependencies": [
        "@smithy/util-buffer-from@3.0.0",
        "tslib"
      ]
    },
    "@smithy/util-waiter@3.2.0": {
      "integrity": "sha512-PpjSboaDUE6yl+1qlg3Si57++e84oXdWGbuFUSAciXsVfEZJJJupR2Nb0QuXHiunt2vGR+1PTizOMvnUPaG2Qg==",
      "dependencies": [
        "@smithy/abort-controller",
        "@smithy/types",
        "tslib"
      ]
    },
    "@supabase/auth-js@2.103.3": {
      "integrity": "sha512-SMDJ4vg5jLXNEHdhN4J4ujSb203WangbDw1n3VaARH0ZqM51E6lJnoUAHlpQU9N7SzP0hfgghA9IvT8c7tGRfg==",
      "dependencies": [
        "tslib"
      ]
    },
    "@supabase/functions-js@2.103.3": {
      "integrity": "sha512-A2ZHi95GIRRlN9LGOSa/zGEIPg9taR1giDI9Gkfkgrcz0YmKV8ShiAplIrKsHQFdkzKxtsO3maJF0efL+i31mg==",
      "dependencies": [
        "tslib"
      ]
    },
    "@supabase/phoenix@0.4.0": {
      "integrity": "sha512-RHSx8bHS02xwfHdAbX5Lpbo6PXbgyf7lTaXTlwtFDPwOIw64NnVRwFAXGojHhjtVYI+PEPNSWwkL90f4agN3bw=="
    },
    "@supabase/postgrest-js@2.103.3": {
      "integrity": "sha512-S0k/9FJVXDeejNfQLCJwRlm4IH8Wet/HEEdBTBpX6/G2o1eU/6CjQop/hJPZIwlQkI6D/zbHH8KymuCsBgy6jA==",
      "dependencies": [
        "tslib"
      ]
    },
    "@supabase/realtime-js@2.103.3": {
      "integrity": "sha512-fUvKtSXMUk1BkApVwAurWtHF4Vzbb0UB9aC/fQXrRBek7Ta3Kaora+wHf/fGwFNQs7uRz+mvjIVpzLfpR32VXA==",
      "dependencies": [
        "@supabase/phoenix",
        "@types/ws",
        "tslib",
        "ws"
      ]
    },
    "@supabase/storage-js@2.103.3": {
      "integrity": "sha512-5bAIEubrw5keHcdKR2RTois0O1M2Ilx4UYuzOzc07G6mLGCPS/8t1nbC6Vq451pnxR3sK+rmtFHWb9CY/OPjAw==",
      "dependencies": [
        "iceberg-js",
        "tslib"
      ]
    },
    "@supabase/supabase-js@2.103.3": {
      "integrity": "sha512-DuPiAz5pIJsTAQCt7B6bDZrnLzlq9+/5bta/GWTsgpLn6AkuZQcmYsQHYplv4skQ8U2raKY5HASQOu4KtYq9Qw==",
      "dependencies": [
        "@supabase/auth-js",
        "@supabase/functions-js",
        "@supabase/postgrest-js",
        "@supabase/realtime-js",
        "@supabase/storage-js"
      ]
    },
    "@types/node@25.6.0": {
      "integrity": "sha512-+qIYRKdNYJwY3vRCZMdJbPLJAtGjQBudzZzdzwQYkEPQd+PJGixUL5QfvCLDaULoLv+RhT3LDkwEfKaAkgSmNQ==",
      "dependencies": [
        "undici-types"
      ]
    },
    "@types/ws@8.18.1": {
      "integrity": "sha512-ThVF6DCVhA8kUGy+aazFQ4kXQ7E1Ty7A3ypFOe0IcJV8O/M511G99AW24irKrW56Wt44yG9+ij8FaqoBGkuBXg==",
      "dependencies": [
        "@types/node"
      ]
    },
    "bowser@2.14.1": {
      "integrity": "sha512-tzPjzCxygAKWFOJP011oxFHs57HzIhOEracIgAePE4pqB3LikALKnSzUyU4MGs9/iCEUuHlAJTjTc5M+u7YEGg=="
    },
    "fast-xml-parser@4.4.1": {
      "integrity": "sha512-xkjOecfnKGkSsOwtZ5Pz7Us/T6mrbPQrq0nh+aCO5V9nk5NLWmasAHumTKjiPJPWANe+kAZ84Jc8ooJkzZ88Sw==",
      "dependencies": [
        "strnum"
      ],
      "bin": true
    },
    "iceberg-js@0.8.1": {
      "integrity": "sha512-1dhVQZXhcHje7798IVM+xoo/1ZdVfzOMIc8/rgVSijRK38EDqOJoGula9N/8ZI5RD8QTxNQtK/Gozpr+qUqRRA=="
    },
    "strnum@1.1.2": {
      "integrity": "sha512-vrN+B7DBIoTTZjnPNewwhx6cBA/H+IS7rfW68n7XxC1y7uoiGQBxaKzqucGUgavX15dJgiGztLJ8vxuEzwqBdA=="
    },
    "tslib@2.8.1": {
      "integrity": "sha512-oJFu94HQb+KVduSUQL7wnpmqnfmLsOA/nAh6b6EH0wCEoK0/mPeXU6c3wKDV83MkOuHPRHtSXKKU99IBazS/2w=="
    },
    "undici-types@7.19.2": {
      "integrity": "sha512-qYVnV5OEm2AW8cJMCpdV20CDyaN3g0AjDlOGf1OW4iaDEx8MwdtChUp4zu4H0VP3nDRF/8RKWH+IPp9uW0YGZg=="
    },
    "uuid@9.0.1": {
      "integrity": "sha512-b+1eJOlsR9K8HJpow9Ok3fiWOWSIcIzXodvv0rQjVoOVNpWMpxf1wZNpt4y9h10odCNrqnYp1OBzRktckBe3sA==",
      "bin": true
    },
    "ws@8.20.0": {
      "integrity": "sha512-sAt8BhgNbzCtgGbt2OxmpuryO63ZoDk/sqaB/znQm94T4fCEsy/yV+7CdC1kJhOU9lboAEU7R3kquuycDoibVA=="
    }
  },
  "workspace": {
    "dependencies": [
      "npm:@supabase/supabase-js@2.103.3"
    ]
  }
}
